{
	"requires": true,
	"lockfileVersion": 1,
	"dependencies": {
		"abbrev": {
			"version": "1.1.1",
			"resolved": "https://registry.npmjs.org/abbrev/-/abbrev-1.1.1.tgz",
			"integrity": "sha512-nne9/IiQ/hzIhY6pdDnbBtz7DjPTKrY00P/zvPSm5pOFkl6xuGrGnXn/VtTNNfNtAfZ9/1RtehkszU9qcTii0Q=="
		},
		"bluebird": {
			"version": "3.5.1",
			"resolved": "https://registry.npmjs.org/bluebird/-/bluebird-3.5.1.tgz",
			"integrity": "sha512-MKiLiV+I1AA596t9w1sQJ8jkiSr5+ZKi0WKrYGUn6d1Fx+Ij4tIj+m2WMQSGczs5jZVxV339chE8iwk6F64wjA=="
		},
		"brace": {
			"version": "0.10.0",
			"resolved": "https://registry.npmjs.org/brace/-/brace-0.10.0.tgz",
			"integrity": "sha1-7e9OubCSi6HuX3F//BV3SabdXXY=",
			"requires": {
				"w3c-blob": "0.0.1"
			}
		},
		"classnames": {
			"version": "2.2.6",
			"resolved": "https://registry.npmjs.org/classnames/-/classnames-2.2.6.tgz",
			"integrity": "sha512-JR/iSQOSt+LQIWwrwEzJ9uk0xfN3mTVYMwt1Ir5mUcSN6pU+V4zQFFaJsclJbPuAUQH+yfWef6tm7l1quW3C8Q=="
		},
		"clipboard": {
			"version": "2.0.1",
			"resolved": "https://registry.npmjs.org/clipboard/-/clipboard-2.0.1.tgz",
			"integrity": "sha512-7yhQBmtN+uYZmfRjjVjKa0dZdWuabzpSKGtyQZN+9C8xlC788SSJjOHWh7tzurfwTqTD5UDYAhIv5fRJg3sHjQ==",
			"optional": true,
			"requires": {
				"good-listener": "^1.2.2",
				"select": "^1.1.2",
				"tiny-emitter": "^2.0.0"
			}
		},
		"collapse-white-space": {
			"version": "1.0.3",
			"resolved": "https://registry.npmjs.org/collapse-white-space/-/collapse-white-space-1.0.3.tgz",
			"integrity": "sha1-S5BvZw5aljqHt2sOFolkM0G2Ajw="
		},
		"commander": {
			"version": "2.17.1",
			"resolved": "https://registry.npmjs.org/commander/-/commander-2.17.1.tgz",
			"integrity": "sha512-wPMUt6FnH2yzG95SA6mzjQOEKUU3aLaDEmzs1ti+1E9h+CsrZghRlqEM/EJ4KscsQVG8uNN4uVreUeT8+drlgg=="
		},
		"config-chain": {
			"version": "1.1.11",
			"resolved": "https://registry.npmjs.org/config-chain/-/config-chain-1.1.11.tgz",
			"integrity": "sha1-q6CXR9++TD5w52am5BWG4YWfxvI=",
			"requires": {
				"ini": "^1.3.4",
				"proto-list": "~1.2.1"
			}
		},
		"delegate": {
			"version": "3.2.0",
			"resolved": "https://registry.npmjs.org/delegate/-/delegate-3.2.0.tgz",
			"integrity": "sha512-IofjkYBZaZivn0V8nnsMJGBr4jVLxHDheKSW88PyxS5QC4Vo9ZbZVvhzlSxY87fVq3STR6r+4cGepyHkcWOQSw==",
			"optional": true
		},
		"editions": {
			"version": "1.3.4",
			"resolved": "https://registry.npmjs.org/editions/-/editions-1.3.4.tgz",
			"integrity": "sha512-gzao+mxnYDzIysXKMQi/+M1mjy/rjestjg6OPoYTtI+3Izp23oiGZitsl9lPDPiTGXbcSIk1iJWhliSaglxnUg=="
		},
		"editorconfig": {
			"version": "0.13.3",
			"resolved": "https://registry.npmjs.org/editorconfig/-/editorconfig-0.13.3.tgz",
			"integrity": "sha512-WkjsUNVCu+ITKDj73QDvi0trvpdDWdkDyHybDGSXPfekLCqwmpD7CP7iPbvBgosNuLcI96XTDwNa75JyFl7tEQ==",
			"requires": {
				"bluebird": "^3.0.5",
				"commander": "^2.9.0",
				"lru-cache": "^3.2.0",
				"semver": "^5.1.0",
				"sigmund": "^1.0.1"
			}
		},
		"get-own-enumerable-property-symbols": {
			"version": "1.0.1",
			"resolved": "https://registry.npmjs.org/get-own-enumerable-property-symbols/-/get-own-enumerable-property-symbols-1.0.1.tgz",
			"integrity": "sha1-8dTjrRQC4DmJjlbR6bmqkkwm5IQ="
		},
		"good-listener": {
			"version": "1.2.2",
			"resolved": "https://registry.npmjs.org/good-listener/-/good-listener-1.2.2.tgz",
			"integrity": "sha1-1TswzfkxPf+33JoNR3CWqm0UXFA=",
			"optional": true,
			"requires": {
				"delegate": "^3.1.2"
			}
		},
		"history": {
			"version": "4.7.2",
			"resolved": "https://registry.npmjs.org/history/-/history-4.7.2.tgz",
			"integrity": "sha512-1zkBRWW6XweO0NBcjiphtVJVsIQ+SXF29z9DVkceeaSLVMFXHool+fdCZD4spDCfZJCILPILc3bm7Bc+HRi0nA==",
			"requires": {
				"invariant": "^2.2.1",
				"loose-envify": "^1.2.0",
				"resolve-pathname": "^2.2.0",
				"value-equal": "^0.4.0",
				"warning": "^3.0.0"
			},
			"dependencies": {
				"warning": {
					"version": "3.0.0",
					"resolved": "https://registry.npmjs.org/warning/-/warning-3.0.0.tgz",
					"integrity": "sha1-MuU3fLVy3kqwR1O9+IIcAe1gW3w=",
					"requires": {
						"loose-envify": "^1.0.0"
					}
				}
			}
		},
		"hoist-non-react-statics": {
			"version": "2.5.5",
			"resolved": "https://registry.npmjs.org/hoist-non-react-statics/-/hoist-non-react-statics-2.5.5.tgz",
			"integrity": "sha512-rqcy4pJo55FTTLWt+bU8ukscqHeE/e9KWvsOW2b/a3afxQZhwkQdT1rPPCJ0rYXdj4vNcasY8zHTH+jF/qStxw=="
		},
		"ini": {
			"version": "1.3.5",
			"resolved": "https://registry.npmjs.org/ini/-/ini-1.3.5.tgz",
			"integrity": "sha512-RZY5huIKCMRWDUqZlEi72f/lmXKMvuszcMBduliQ3nnWbx9X/ZBQO7DijMEYS9EhHBb2qacRUMtC7svLwe0lcw=="
		},
		"invariant": {
			"version": "2.2.4",
			"resolved": "https://registry.npmjs.org/invariant/-/invariant-2.2.4.tgz",
			"integrity": "sha512-phJfQVBuaJM5raOpJjSfkiD6BpbCE4Ns//LaXl6wGYtUBY83nWS6Rf9tXm2e8VaK60JEjYldbPif/A2B1C2gNA==",
			"requires": {
				"loose-envify": "^1.0.0"
			}
		},
		"is-obj": {
			"version": "1.0.1",
			"resolved": "https://registry.npmjs.org/is-obj/-/is-obj-1.0.1.tgz",
			"integrity": "sha1-PkcprB9f3gJc19g6iW2rn09n2w8="
		},
		"is-plain-object": {
			"version": "2.0.4",
			"resolved": "https://registry.npmjs.org/is-plain-object/-/is-plain-object-2.0.4.tgz",
			"integrity": "sha512-h5PpgXkWitc38BBMYawTYMWJHFZJVnBquFE57xFpjB8pJFiF6gZ+bU+WyI/yqXiFR5mdLsgYNaPe8uao6Uv9Og==",
			"requires": {
				"isobject": "^3.0.1"
			}
		},
		"is-regexp": {
			"version": "1.0.0",
			"resolved": "https://registry.npmjs.org/is-regexp/-/is-regexp-1.0.0.tgz",
			"integrity": "sha1-/S2INUXEa6xaYz57mgnof6LLUGk="
		},
		"isarray": {
			"version": "0.0.1",
			"resolved": "https://registry.npmjs.org/isarray/-/isarray-0.0.1.tgz",
			"integrity": "sha1-ihis/Kmo9Bd+Cav8YDiTmwXR7t8="
		},
		"isobject": {
			"version": "3.0.1",
			"resolved": "https://registry.npmjs.org/isobject/-/isobject-3.0.1.tgz",
			"integrity": "sha1-TkMekrEalzFjaqH5yNHMvP2reN8="
		},
		"js-beautify": {
			"version": "1.7.5",
			"resolved": "https://registry.npmjs.org/js-beautify/-/js-beautify-1.7.5.tgz",
			"integrity": "sha512-9OhfAqGOrD7hoQBLJMTA+BKuKmoEtTJXzZ7WDF/9gvjtey1koVLuZqIY6c51aPDjbNdNtIXAkiWKVhziawE9Og==",
			"requires": {
				"config-chain": "~1.1.5",
				"editorconfig": "^0.13.2",
				"mkdirp": "~0.5.0",
				"nopt": "~3.0.1"
			}
		},
		"js-tokens": {
			"version": "4.0.0",
			"resolved": "https://registry.npmjs.org/js-tokens/-/js-tokens-4.0.0.tgz",
			"integrity": "sha512-RdJUflcE3cUzKiMqQgsCu06FPu9UdIJO0beYbPhHN4k6apgJtifcoCtT9bcxOpYBtpD2kCM6Sbzg4CausW/PKQ=="
		},
		"lodash": {
			"version": "4.17.4",
			"resolved": "https://registry.npmjs.org/lodash/-/lodash-4.17.4.tgz",
			"integrity": "sha1-eCA6TRwyiuHYbcpkYONptX9AVa4="
		},
		"loose-envify": {
			"version": "1.4.0",
			"resolved": "https://registry.npmjs.org/loose-envify/-/loose-envify-1.4.0.tgz",
			"integrity": "sha512-lyuxPGr/Wfhrlem2CL/UcnUc1zcqKAImBDzukY7Y5F/yQiNdko6+fRLevlw1HgMySw7f611UIY408EtxRSoK3Q==",
			"requires": {
				"js-tokens": "^3.0.0 || ^4.0.0"
			}
		},
		"lru-cache": {
			"version": "3.2.0",
			"resolved": "https://registry.npmjs.org/lru-cache/-/lru-cache-3.2.0.tgz",
			"integrity": "sha1-cXibO39Tmb7IVl3aOKow0qCX7+4=",
			"requires": {
				"pseudomap": "^1.0.1"
			}
		},
		"minimist": {
			"version": "0.0.8",
			"resolved": "https://registry.npmjs.org/minimist/-/minimist-0.0.8.tgz",
			"integrity": "sha1-hX/Kv8M5fSYluCKCYuhqp6ARsF0="
		},
		"mkdirp": {
			"version": "0.5.1",
			"resolved": "https://registry.npmjs.org/mkdirp/-/mkdirp-0.5.1.tgz",
			"integrity": "sha1-MAV0OOrGz3+MR2fzhkjWaX11yQM=",
			"requires": {
				"minimist": "0.0.8"
			}
		},
		"nopt": {
			"version": "3.0.6",
			"resolved": "https://registry.npmjs.org/nopt/-/nopt-3.0.6.tgz",
			"integrity": "sha1-xkZdvwirzU2zWTF/eaxopkayj/k=",
			"requires": {
				"abbrev": "1"
			}
		},
		"object-assign": {
			"version": "4.1.1",
			"resolved": "https://registry.npmjs.org/object-assign/-/object-assign-4.1.1.tgz",
			"integrity": "sha1-IQmtx5ZYh8/AXLvUQsrIv7s2CGM="
		},
		"path-to-regexp": {
			"version": "1.7.0",
			"resolved": "https://registry.npmjs.org/path-to-regexp/-/path-to-regexp-1.7.0.tgz",
			"integrity": "sha1-Wf3g9DW62suhA6hOnTvGTpa5k30=",
			"requires": {
				"isarray": "0.0.1"
			}
		},
		"prismjs": {
			"version": "1.15.0",
			"resolved": "https://registry.npmjs.org/prismjs/-/prismjs-1.15.0.tgz",
			"integrity": "sha512-Lf2JrFYx8FanHrjoV5oL8YHCclLQgbJcVZR+gikGGMqz6ub5QVWDTM6YIwm3BuPxM/LOV+rKns3LssXNLIf+DA==",
			"requires": {
				"clipboard": "^2.0.0"
			}
		},
		"prop-types": {
			"version": "15.6.2",
			"resolved": "https://registry.npmjs.org/prop-types/-/prop-types-15.6.2.tgz",
			"integrity": "sha512-3pboPvLiWD7dkI3qf3KbUe6hKFKa52w+AE0VCqECtf+QHAKgOL37tTaNCnuX1nAAQ4ZhyP+kYVKf8rLmJ/feDQ==",
			"requires": {
				"loose-envify": "^1.3.1",
				"object-assign": "^4.1.1"
			}
		},
		"proto-list": {
			"version": "1.2.4",
			"resolved": "https://registry.npmjs.org/proto-list/-/proto-list-1.2.4.tgz",
			"integrity": "sha1-IS1b/hMYMGpCD2QCuOJv85ZHqEk="
		},
		"pseudomap": {
			"version": "1.0.2",
			"resolved": "https://registry.npmjs.org/pseudomap/-/pseudomap-1.0.2.tgz",
			"integrity": "sha1-8FKijacOYYkX7wqKw0wa5aaChrM="
		},
		"react-element-to-jsx-string": {
			"version": "12.0.0",
			"resolved": "https://registry.npmjs.org/react-element-to-jsx-string/-/react-element-to-jsx-string-12.0.0.tgz",
			"integrity": "sha512-rk0FTRFHLspVZpkKd7tnf/fwXDcaII8mg1pQLRptrs5Yeg2TcQBUmsLBLDZMSCj/PWlj1/vw473wBIsc3WBx9A==",
			"requires": {
				"collapse-white-space": "1.0.3",
				"is-plain-object": "2.0.4",
				"lodash": "4.17.4",
				"sortobject": "1.1.1",
				"stringify-object": "3.2.0"
			}
		},
		"react-router": {
			"version": "4.3.1",
			"resolved": "https://registry.npmjs.org/react-router/-/react-router-4.3.1.tgz",
			"integrity": "sha512-yrvL8AogDh2X42Dt9iknk4wF4V8bWREPirFfS9gLU1huk6qK41sg7Z/1S81jjTrGHxa3B8R3J6xIkDAA6CVarg==",
			"requires": {
				"history": "^4.7.2",
				"hoist-non-react-statics": "^2.5.0",
				"invariant": "^2.2.4",
				"loose-envify": "^1.3.1",
				"path-to-regexp": "^1.7.0",
				"prop-types": "^15.6.1",
				"warning": "^4.0.1"
			}
		},
		"react-router-dom": {
			"version": "4.3.1",
			"resolved": "https://registry.npmjs.org/react-router-dom/-/react-router-dom-4.3.1.tgz",
			"integrity": "sha512-c/MlywfxDdCp7EnB7YfPMOfMD3tOtIjrQlj/CKfNMBxdmpJP8xcz5P/UAFn3JbnQCNUxsHyVVqllF9LhgVyFCA==",
			"requires": {
				"history": "^4.7.2",
				"invariant": "^2.2.4",
				"loose-envify": "^1.3.1",
				"prop-types": "^15.6.1",
				"react-router": "^4.3.1",
				"warning": "^4.0.1"
			}
		},
		"resolve-pathname": {
			"version": "2.2.0",
			"resolved": "https://registry.npmjs.org/resolve-pathname/-/resolve-pathname-2.2.0.tgz",
			"integrity": "sha512-bAFz9ld18RzJfddgrO2e/0S2O81710++chRMUxHjXOYKF6jTAMrUNZrEZ1PvV0zlhfjidm08iRPdTLPno1FuRg=="
		},
		"select": {
			"version": "1.1.2",
			"resolved": "https://registry.npmjs.org/select/-/select-1.1.2.tgz",
			"integrity": "sha1-DnNQrN7ICxEIUoeG7B1EGNEbOW0=",
			"optional": true
		},
		"semver": {
			"version": "5.5.0",
			"resolved": "https://registry.npmjs.org/semver/-/semver-5.5.0.tgz",
			"integrity": "sha512-4SJ3dm0WAwWy/NVeioZh5AntkdJoWKxHxcmyP622fOkgHa4z3R0TdBJICINyaSDE6uNwVc8gZr+ZinwZAH4xIA=="
		},
		"sigmund": {
			"version": "1.0.1",
			"resolved": "https://registry.npmjs.org/sigmund/-/sigmund-1.0.1.tgz",
			"integrity": "sha1-P/IfGYytIXX587eBhT/ZTQ0ZtZA="
		},
		"sortobject": {
			"version": "1.1.1",
			"resolved": "https://registry.npmjs.org/sortobject/-/sortobject-1.1.1.tgz",
			"integrity": "sha1-T2ldTUTtCkwGSCw0wlgqLc3CqzQ=",
			"requires": {
				"editions": "^1.1.1"
			}
		},
		"stringify-object": {
			"version": "3.2.0",
			"resolved": "https://registry.npmjs.org/stringify-object/-/stringify-object-3.2.0.tgz",
			"integrity": "sha1-lDcKE15BvASDWIE7+ZSB8TFcaqY=",
			"requires": {
				"get-own-enumerable-property-symbols": "^1.0.1",
				"is-obj": "^1.0.1",
				"is-regexp": "^1.0.0"
			}
		},
		"tiny-emitter": {
			"version": "2.0.2",
			"resolved": "https://registry.npmjs.org/tiny-emitter/-/tiny-emitter-2.0.2.tgz",
			"integrity": "sha512-2NM0auVBGft5tee/OxP4PI3d8WItkDM+fPnaRAVo6xTDI2knbz9eC5ArWGqtGlYqiH3RU5yMpdyTTO7MguC4ow==",
			"optional": true
		},
		"value-equal": {
			"version": "0.4.0",
			"resolved": "https://registry.npmjs.org/value-equal/-/value-equal-0.4.0.tgz",
			"integrity": "sha512-x+cYdNnaA3CxvMaTX0INdTCN8m8aF2uY9BvEqmxuYp8bL09cs/kWVQPVGcA35fMktdOsP69IgU7wFj/61dJHEw=="
		},
		"w3c-blob": {
			"version": "0.0.1",
			"resolved": "https://registry.npmjs.org/w3c-blob/-/w3c-blob-0.0.1.tgz",
			"integrity": "sha1-sM01KhpQ9RVWNCD/1YYflQ8dhbg="
		},
		"warning": {
			"version": "4.0.1",
			"resolved": "https://registry.npmjs.org/warning/-/warning-4.0.1.tgz",
			"integrity": "sha512-rAVtTNZw+cQPjvGp1ox0XC5Q2IBFyqoqh+QII4J/oguyu83Bax1apbo2eqB8bHRS+fqYUBagys6lqUoVwKSmXQ==",
			"requires": {
				"loose-envify": "^1.0.0"
			}
		}
	}
}
